## -----------------------------------------------------------------------------
## Filename: set_global_assignments.qsf
## Author  : stefan.brantschen@fhnw.ch
## Date    : 27.05.2011
## Content : Global Quartus Settings
## -----------------------------------------------------------------------------

## FPGA Device
## -----------------------------------------------------------------------------
set_global_assignment -name FAMILY "Cyclone V"
set_global_assignment -name DEVICE 5CSEMA5F31C6

## Global Assignments
## -----------------------------------------------------------------------------
set_global_assignment -name TOP_LEVEL_ENTITY dice_top
set_global_assignment -name SDC_FILE dice_top.sdc
set_global_assignment -name VHDL_INPUT_VERSION VHDL_2008
set_global_assignment -name USE_CONFIGURATION_DEVICE ON
